Microsoft Visual Studio Solution File, Format Version 12.00
# Visual Studio 15
VisualStudioVersion = 15.0.28307.1062
MinimumVisualStudioVersion = 10.0.40219.1
Project("{8BC9CEB8-8B4A-11D0-8D11-00A0C91BC942}") = "OpenNI", "..\Source\Core\OpenNI.vcxproj", "{72D595BB-8C52-449B-91DB-0E9F6AEAF53A}"
	ProjectSection(ProjectDependencies) = postProject
		{72D595BB-8C52-449B-91DB-0E9F6AEAF5BB} = {72D595BB-8C52-449B-91DB-0E9F6AEAF5BB}
	EndProjectSection
EndProject
Project("{8BC9CEB8-8B4A-11D0-8D11-00A0C91BC942}") = "XnLib", "..\ThirdParty\PSCommon\XnLib\Source\XnLib.vcxproj", "{72D595BB-8C52-449B-91DB-0E9F6AEAF5BB}"
EndProject
Project("{8BC9CEB8-8B4A-11D0-8D11-00A0C91BC942}") = "DepthUtils", "..\Source\DepthUtils\DepthUtils.vcxproj", "{72D595BB-8C52-449B-91DB-0E9F6AEABBBB}"
EndProject
Global
	GlobalSection(SolutionConfigurationPlatforms) = preSolution
		Debug|x64 = Debug|x64
		Debug|x86 = Debug|x86
		Release|x64 = Release|x64
		Release|x86 = Release|x86
		vs2017_Debug|x64 = vs2017_Debug|x64
		vs2017_Debug|x86 = vs2017_Debug|x86
		vs2017_Release|x64 = vs2017_Release|x64
		vs2017_Release|x86 = vs2017_Release|x86
	EndGlobalSection
	GlobalSection(ProjectConfigurationPlatforms) = postSolution
		{72D595BB-8C52-449B-91DB-0E9F6AEAF53A}.Debug|x64.ActiveCfg = Debug|x64
		{72D595BB-8C52-449B-91DB-0E9F6AEAF53A}.Debug|x64.Build.0 = Debug|x64
		{72D595BB-8C52-449B-91DB-0E9F6AEAF53A}.Debug|x86.ActiveCfg = Debug|Win32
		{72D595BB-8C52-449B-91DB-0E9F6AEAF53A}.Debug|x86.Build.0 = Debug|Win32
		{72D595BB-8C52-449B-91DB-0E9F6AEAF53A}.Release|x64.ActiveCfg = Release|x64
		{72D595BB-8C52-449B-91DB-0E9F6AEAF53A}.Release|x64.Build.0 = Release|x64
		{72D595BB-8C52-449B-91DB-0E9F6AEAF53A}.Release|x86.ActiveCfg = Release|Win32
		{72D595BB-8C52-449B-91DB-0E9F6AEAF53A}.Release|x86.Build.0 = Release|Win32
		{72D595BB-8C52-449B-91DB-0E9F6AEAF53A}.vs2017_Debug|x64.ActiveCfg = vs2017_Debug|x64
		{72D595BB-8C52-449B-91DB-0E9F6AEAF53A}.vs2017_Debug|x64.Build.0 = vs2017_Debug|x64
		{72D595BB-8C52-449B-91DB-0E9F6AEAF53A}.vs2017_Debug|x86.ActiveCfg = vs2017_Debug|x64
		{72D595BB-8C52-449B-91DB-0E9F6AEAF53A}.vs2017_Release|x64.ActiveCfg = vs2017_Release|x64
		{72D595BB-8C52-449B-91DB-0E9F6AEAF53A}.vs2017_Release|x64.Build.0 = vs2017_Release|x64
		{72D595BB-8C52-449B-91DB-0E9F6AEAF53A}.vs2017_Release|x86.ActiveCfg = vs2017_Release|x64
		{72D595BB-8C52-449B-91DB-0E9F6AEAF5BB}.Debug|x64.ActiveCfg = Debug|x64
		{72D595BB-8C52-449B-91DB-0E9F6AEAF5BB}.Debug|x64.Build.0 = Debug|x64
		{72D595BB-8C52-449B-91DB-0E9F6AEAF5BB}.Debug|x86.ActiveCfg = Debug|Win32
		{72D595BB-8C52-449B-91DB-0E9F6AEAF5BB}.Debug|x86.Build.0 = Debug|Win32
		{72D595BB-8C52-449B-91DB-0E9F6AEAF5BB}.Release|x64.ActiveCfg = Release|x64
		{72D595BB-8C52-449B-91DB-0E9F6AEAF5BB}.Release|x64.Build.0 = Release|x64
		{72D595BB-8C52-449B-91DB-0E9F6AEAF5BB}.Release|x86.ActiveCfg = Release|Win32
		{72D595BB-8C52-449B-91DB-0E9F6AEAF5BB}.Release|x86.Build.0 = Release|Win32
		{72D595BB-8C52-449B-91DB-0E9F6AEAF5BB}.vs2017_Debug|x64.ActiveCfg = vs2017_Debug|x64
		{72D595BB-8C52-449B-91DB-0E9F6AEAF5BB}.vs2017_Debug|x64.Build.0 = vs2017_Debug|x64
		{72D595BB-8C52-449B-91DB-0E9F6AEAF5BB}.vs2017_Debug|x86.ActiveCfg = vs2017_Debug|x64
		{72D595BB-8C52-449B-91DB-0E9F6AEAF5BB}.vs2017_Release|x64.ActiveCfg = vs2017_Release|x64
		{72D595BB-8C52-449B-91DB-0E9F6AEAF5BB}.vs2017_Release|x64.Build.0 = vs2017_Release|x64
		{72D595BB-8C52-449B-91DB-0E9F6AEAF5BB}.vs2017_Release|x86.ActiveCfg = vs2017_Release|x64
		{72D595BB-8C52-449B-91DB-0E9F6AEABBBB}.Debug|x64.ActiveCfg = Debug|x64
		{72D595BB-8C52-449B-91DB-0E9F6AEABBBB}.Debug|x64.Build.0 = Debug|x64
		{72D595BB-8C52-449B-91DB-0E9F6AEABBBB}.Debug|x86.ActiveCfg = Debug|Win32
		{72D595BB-8C52-449B-91DB-0E9F6AEABBBB}.Debug|x86.Build.0 = Debug|Win32
		{72D595BB-8C52-449B-91DB-0E9F6AEABBBB}.Release|x64.ActiveCfg = Release|x64
		{72D595BB-8C52-449B-91DB-0E9F6AEABBBB}.Release|x64.Build.0 = Release|x64
		{72D595BB-8C52-449B-91DB-0E9F6AEABBBB}.Release|x86.ActiveCfg = Release|Win32
		{72D595BB-8C52-449B-91DB-0E9F6AEABBBB}.Release|x86.Build.0 = Release|Win32
		{72D595BB-8C52-449B-91DB-0E9F6AEABBBB}.vs2017_Debug|x64.ActiveCfg = vs2017_Debug|x64
		{72D595BB-8C52-449B-91DB-0E9F6AEABBBB}.vs2017_Debug|x64.Build.0 = vs2017_Debug|x64
		{72D595BB-8C52-449B-91DB-0E9F6AEABBBB}.vs2017_Debug|x86.ActiveCfg = vs2017_Debug|x64
		{72D595BB-8C52-449B-91DB-0E9F6AEABBBB}.vs2017_Release|x64.ActiveCfg = vs2017_Release|x64
		{72D595BB-8C52-449B-91DB-0E9F6AEABBBB}.vs2017_Release|x64.Build.0 = vs2017_Release|x64
		{72D595BB-8C52-449B-91DB-0E9F6AEABBBB}.vs2017_Release|x86.ActiveCfg = vs2017_Release|x64
	EndGlobalSection
	GlobalSection(SolutionProperties) = preSolution
		HideSolutionNode = FALSE
	EndGlobalSection
	GlobalSection(ExtensibilityGlobals) = postSolution
		SolutionGuid = {B445EF89-33E2-4EC0-BA29-3AB906D1CE5D}
	EndGlobalSection
EndGlobal
